
Microsoft Visual Studio Solution File, Format Version 12.00
# Visual Studio Version 17
VisualStudioVersion = 17.14.36119.2
MinimumVisualStudioVersion = 10.0.40219.1
Project("{FAE04EC0-301F-11D3-BF4B-00C04F79EFBC}") = "MealBrain", "MealBrain.csproj", "{D4AA0213-1710-4162-A3BB-CF25E76E0F86}"
EndProject
Project("{FAE04EC0-301F-11D3-BF4B-00C04F79EFBC}") = "MealBrainTests", "..\MealBrainTests\MealBrainTests.csproj", "{AEBB587B-2B9F-460C-976B-A10F7041AEE6}"
	ProjectSection(ProjectDependencies) = postProject
		{D4AA0213-1710-4162-A3BB-CF25E76E0F86} = {D4AA0213-1710-4162-A3BB-CF25E76E0F86}
	EndProjectSection
EndProject
Global
	GlobalSection(SolutionConfigurationPlatforms) = preSolution
		Debug|Any CPU = Debug|Any CPU
		Release|Any CPU = Release|Any CPU
	EndGlobalSection
	GlobalSection(ProjectConfigurationPlatforms) = postSolution
		{D4AA0213-1710-4162-A3BB-CF25E76E0F86}.Debug|Any CPU.ActiveCfg = Debug|Any CPU
		{D4AA0213-1710-4162-A3BB-CF25E76E0F86}.Debug|Any CPU.Build.0 = Debug|Any CPU
		{D4AA0213-1710-4162-A3BB-CF25E76E0F86}.Debug|Any CPU.Deploy.0 = Debug|Any CPU
		{D4AA0213-1710-4162-A3BB-CF25E76E0F86}.Release|Any CPU.ActiveCfg = Release|Any CPU
		{D4AA0213-1710-4162-A3BB-CF25E76E0F86}.Release|Any CPU.Build.0 = Release|Any CPU
		{D4AA0213-1710-4162-A3BB-CF25E76E0F86}.Release|Any CPU.Deploy.0 = Release|Any CPU
		{AEBB587B-2B9F-460C-976B-A10F7041AEE6}.Debug|Any CPU.ActiveCfg = Debug|Any CPU
		{AEBB587B-2B9F-460C-976B-A10F7041AEE6}.Debug|Any CPU.Build.0 = Debug|Any CPU
		{AEBB587B-2B9F-460C-976B-A10F7041AEE6}.Release|Any CPU.ActiveCfg = Release|Any CPU
		{AEBB587B-2B9F-460C-976B-A10F7041AEE6}.Release|Any CPU.Build.0 = Release|Any CPU
	EndGlobalSection
	GlobalSection(SolutionProperties) = preSolution
		HideSolutionNode = FALSE
	EndGlobalSection
	GlobalSection(ExtensibilityGlobals) = postSolution
		SolutionGuid = {F3B44D20-9218-4F1E-AB5B-8062EED9253E}
	EndGlobalSection
EndGlobal
